
Microsoft Visual Studio Solution File, Format Version 12.00
# Visual Studio Version 16
VisualStudioVersion = 16.0.30114.105
MinimumVisualStudioVersion = 10.0.40219.1
Project("{9A19103F-16F7-4668-BE54-9A1E7A4F7556}") = "BlazorWebAseemblyWithGrpc", "BlazorWebAseemblyWithGrpc\BlazorWebAseemblyWithGrpc.csproj", "{83D315B3-6DFC-49F6-BAC5-84BCA74BF521}"
EndProject
Project("{9A19103F-16F7-4668-BE54-9A1E7A4F7556}") = "ToDo", "ToDo\ToDo.csproj", "{6C070CCA-6ED2-4499-87A8-551DD35B5B61}"
EndProject
Global
	GlobalSection(SolutionConfigurationPlatforms) = preSolution
		Debug|Any CPU = Debug|Any CPU
		Release|Any CPU = Release|Any CPU
	EndGlobalSection
	GlobalSection(ProjectConfigurationPlatforms) = postSolution
		{83D315B3-6DFC-49F6-BAC5-84BCA74BF521}.Debug|Any CPU.ActiveCfg = Debug|Any CPU
		{83D315B3-6DFC-49F6-BAC5-84BCA74BF521}.Debug|Any CPU.Build.0 = Debug|Any CPU
		{83D315B3-6DFC-49F6-BAC5-84BCA74BF521}.Release|Any CPU.ActiveCfg = Release|Any CPU
		{83D315B3-6DFC-49F6-BAC5-84BCA74BF521}.Release|Any CPU.Build.0 = Release|Any CPU
		{6C070CCA-6ED2-4499-87A8-551DD35B5B61}.Debug|Any CPU.ActiveCfg = Debug|Any CPU
		{6C070CCA-6ED2-4499-87A8-551DD35B5B61}.Debug|Any CPU.Build.0 = Debug|Any CPU
		{6C070CCA-6ED2-4499-87A8-551DD35B5B61}.Release|Any CPU.ActiveCfg = Release|Any CPU
		{6C070CCA-6ED2-4499-87A8-551DD35B5B61}.Release|Any CPU.Build.0 = Release|Any CPU
	EndGlobalSection
	GlobalSection(SolutionProperties) = preSolution
		HideSolutionNode = FALSE
	EndGlobalSection
	GlobalSection(ExtensibilityGlobals) = postSolution
		SolutionGuid = {13962A2B-CE42-45BD-94D8-DA11015AF70E}
	EndGlobalSection
EndGlobal
